
Microsoft Visual Studio Solution File, Format Version 12.00
# Visual Studio 15
Project("{FAE04EC0-301F-11D3-BF4B-00C04F79EFBC}") = "Assembly-CSharp", "Assembly-CSharp.csproj", "{6C5BFDA4-E56E-6D45-E8DE-A570963D22AD}"
EndProject
Project("{FAE04EC0-301F-11D3-BF4B-00C04F79EFBC}") = "Assembly-CSharp-firstpass", "Assembly-CSharp-firstpass.csproj", "{ECE0FAD9-CEFE-E5E7-D8A6-C1ABAD24ABE8}"
EndProject
Project("{FAE04EC0-301F-11D3-BF4B-00C04F79EFBC}") = "Assembly-CSharp-Editor-firstpass", "Assembly-CSharp-Editor-firstpass.csproj", "{BB06A3ED-7AF8-03F6-1D60-346B5B5D0930}"
EndProject
Global
	GlobalSection(SolutionConfigurationPlatforms) = preSolution
		Debug|Any CPU = Debug|Any CPU
		Release|Any CPU = Release|Any CPU
	EndGlobalSection
	GlobalSection(ProjectConfigurationPlatforms) = postSolution
		{6C5BFDA4-E56E-6D45-E8DE-A570963D22AD}.Debug|Any CPU.ActiveCfg = Debug|Any CPU
		{6C5BFDA4-E56E-6D45-E8DE-A570963D22AD}.Debug|Any CPU.Build.0 = Debug|Any CPU
		{6C5BFDA4-E56E-6D45-E8DE-A570963D22AD}.Release|Any CPU.ActiveCfg = Release|Any CPU
		{6C5BFDA4-E56E-6D45-E8DE-A570963D22AD}.Release|Any CPU.Build.0 = Release|Any CPU
		{ECE0FAD9-CEFE-E5E7-D8A6-C1ABAD24ABE8}.Debug|Any CPU.ActiveCfg = Debug|Any CPU
		{ECE0FAD9-CEFE-E5E7-D8A6-C1ABAD24ABE8}.Debug|Any CPU.Build.0 = Debug|Any CPU
		{ECE0FAD9-CEFE-E5E7-D8A6-C1ABAD24ABE8}.Release|Any CPU.ActiveCfg = Release|Any CPU
		{ECE0FAD9-CEFE-E5E7-D8A6-C1ABAD24ABE8}.Release|Any CPU.Build.0 = Release|Any CPU
		{BB06A3ED-7AF8-03F6-1D60-346B5B5D0930}.Debug|Any CPU.ActiveCfg = Debug|Any CPU
		{BB06A3ED-7AF8-03F6-1D60-346B5B5D0930}.Debug|Any CPU.Build.0 = Debug|Any CPU
		{BB06A3ED-7AF8-03F6-1D60-346B5B5D0930}.Release|Any CPU.ActiveCfg = Release|Any CPU
		{BB06A3ED-7AF8-03F6-1D60-346B5B5D0930}.Release|Any CPU.Build.0 = Release|Any CPU
	EndGlobalSection
	GlobalSection(SolutionProperties) = preSolution
		HideSolutionNode = FALSE
	EndGlobalSection
EndGlobal
